
Microsoft Visual Studio Solution File, Format Version 12.00
# Visual Studio Version 16
VisualStudioVersion = 16.0.29230.47
MinimumVisualStudioVersion = 10.0.40219.1
Project("{FAE04EC0-301F-11D3-BF4B-00C04F79EFBC}") = "LinqLib", "LinqLib\LinqLib.csproj", "{FAD2AA22-3628-4898-A61B-7FA741607F4D}"
EndProject
Project("{FAE04EC0-301F-11D3-BF4B-00C04F79EFBC}") = "LinqLibTest", "LinqLibTest\LinqLibTest.csproj", "{48FD6E27-406F-458A-82C9-5B3B94132B21}"
EndProject
Global
	GlobalSection(SolutionConfigurationPlatforms) = preSolution
		Debug|Any CPU = Debug|Any CPU
		Release|Any CPU = Release|Any CPU
	EndGlobalSection
	GlobalSection(ProjectConfigurationPlatforms) = postSolution
		{FAD2AA22-3628-4898-A61B-7FA741607F4D}.Debug|Any CPU.ActiveCfg = Debug|Any CPU
		{FAD2AA22-3628-4898-A61B-7FA741607F4D}.Debug|Any CPU.Build.0 = Debug|Any CPU
		{FAD2AA22-3628-4898-A61B-7FA741607F4D}.Release|Any CPU.ActiveCfg = Release|Any CPU
		{FAD2AA22-3628-4898-A61B-7FA741607F4D}.Release|Any CPU.Build.0 = Release|Any CPU
		{48FD6E27-406F-458A-82C9-5B3B94132B21}.Debug|Any CPU.ActiveCfg = Debug|Any CPU
		{48FD6E27-406F-458A-82C9-5B3B94132B21}.Debug|Any CPU.Build.0 = Debug|Any CPU
		{48FD6E27-406F-458A-82C9-5B3B94132B21}.Release|Any CPU.ActiveCfg = Release|Any CPU
		{48FD6E27-406F-458A-82C9-5B3B94132B21}.Release|Any CPU.Build.0 = Release|Any CPU
	EndGlobalSection
	GlobalSection(SolutionProperties) = preSolution
		HideSolutionNode = FALSE
	EndGlobalSection
	GlobalSection(ExtensibilityGlobals) = postSolution
		SolutionGuid = {F5880D4F-37AB-42EE-8C78-5C73B66E4DDC}
	EndGlobalSection
EndGlobal
